
Microsoft Visual Studio Solution File, Format Version 12.00
# Visual Studio Version 16
VisualStudioVersion = 16.0.33529.622
MinimumVisualStudioVersion = 10.0.40219.1
Project("{FAE04EC0-301F-11D3-BF4B-00C04F79EFBC}") = "windowsgui", "windowsgui\windowsgui.csproj", "{683240D3-E7D5-49B7-87F5-ADDD1E85B0BB}"
EndProject
Global
	GlobalSection(SolutionConfigurationPlatforms) = preSolution
		Debug|Any CPU = Debug|Any CPU
		Release|Any CPU = Release|Any CPU
	EndGlobalSection
	GlobalSection(ProjectConfigurationPlatforms) = postSolution
		{683240D3-E7D5-49B7-87F5-ADDD1E85B0BB}.Debug|Any CPU.ActiveCfg = Debug|Any CPU
		{683240D3-E7D5-49B7-87F5-ADDD1E85B0BB}.Debug|Any CPU.Build.0 = Debug|Any CPU
		{683240D3-E7D5-49B7-87F5-ADDD1E85B0BB}.Release|Any CPU.ActiveCfg = Release|Any CPU
		{683240D3-E7D5-49B7-87F5-ADDD1E85B0BB}.Release|Any CPU.Build.0 = Release|Any CPU
	EndGlobalSection
	GlobalSection(SolutionProperties) = preSolution
		HideSolutionNode = FALSE
	EndGlobalSection
	GlobalSection(ExtensibilityGlobals) = postSolution
		SolutionGuid = {EC93EBC9-892B-4418-BA07-51E493B6FEFE}
	EndGlobalSection
EndGlobal
